
Microsoft Visual Studio Solution File, Format Version 12.00
# Visual Studio Version 17
VisualStudioVersion = 17.13.35818.85 d17.13
MinimumVisualStudioVersion = 10.0.40219.1
Project("{FAE04EC0-301F-11D3-BF4B-00C04F79EFBC}") = "jurnal5_103022300024", "jurnal5_103022300024.csproj", "{5809A8AB-53A8-4C79-B327-E46A9EA3AEA0}"
EndProject
Global
	GlobalSection(SolutionConfigurationPlatforms) = preSolution
		Debug|Any CPU = Debug|Any CPU
		Release|Any CPU = Release|Any CPU
	EndGlobalSection
	GlobalSection(ProjectConfigurationPlatforms) = postSolution
		{5809A8AB-53A8-4C79-B327-E46A9EA3AEA0}.Debug|Any CPU.ActiveCfg = Debug|Any CPU
		{5809A8AB-53A8-4C79-B327-E46A9EA3AEA0}.Debug|Any CPU.Build.0 = Debug|Any CPU
		{5809A8AB-53A8-4C79-B327-E46A9EA3AEA0}.Release|Any CPU.ActiveCfg = Release|Any CPU
		{5809A8AB-53A8-4C79-B327-E46A9EA3AEA0}.Release|Any CPU.Build.0 = Release|Any CPU
	EndGlobalSection
	GlobalSection(SolutionProperties) = preSolution
		HideSolutionNode = FALSE
	EndGlobalSection
	GlobalSection(ExtensibilityGlobals) = postSolution
		SolutionGuid = {3F327364-7417-4997-A77D-A1C879E4229B}
	EndGlobalSection
EndGlobal
